
Microsoft Visual Studio Solution File, Format Version 12.00
# Visual Studio Version 16
VisualStudioVersion = 16.0.31424.327
MinimumVisualStudioVersion = 10.0.40219.1
Project("{FAE04EC0-301F-11D3-BF4B-00C04F79EFBC}") = "TDD.EX.SSN", "TDD.EX.SSN\TDD.EX.SSN.csproj", "{62AF8939-9F9B-4FB5-A4CA-77982AEC00F1}"
EndProject
Project("{FAE04EC0-301F-11D3-BF4B-00C04F79EFBC}") = "TDD.EX.SSN.Test", "TDD.EX.SSN.Test\TDD.EX.SSN.Test.csproj", "{D7A94B4F-C757-45A1-B70F-7217768DB747}"
EndProject
Global
	GlobalSection(SolutionConfigurationPlatforms) = preSolution
		Debug|Any CPU = Debug|Any CPU
		Release|Any CPU = Release|Any CPU
	EndGlobalSection
	GlobalSection(ProjectConfigurationPlatforms) = postSolution
		{62AF8939-9F9B-4FB5-A4CA-77982AEC00F1}.Debug|Any CPU.ActiveCfg = Debug|Any CPU
		{62AF8939-9F9B-4FB5-A4CA-77982AEC00F1}.Debug|Any CPU.Build.0 = Debug|Any CPU
		{62AF8939-9F9B-4FB5-A4CA-77982AEC00F1}.Release|Any CPU.ActiveCfg = Release|Any CPU
		{62AF8939-9F9B-4FB5-A4CA-77982AEC00F1}.Release|Any CPU.Build.0 = Release|Any CPU
		{D7A94B4F-C757-45A1-B70F-7217768DB747}.Debug|Any CPU.ActiveCfg = Debug|Any CPU
		{D7A94B4F-C757-45A1-B70F-7217768DB747}.Debug|Any CPU.Build.0 = Debug|Any CPU
		{D7A94B4F-C757-45A1-B70F-7217768DB747}.Release|Any CPU.ActiveCfg = Release|Any CPU
		{D7A94B4F-C757-45A1-B70F-7217768DB747}.Release|Any CPU.Build.0 = Release|Any CPU
	EndGlobalSection
	GlobalSection(SolutionProperties) = preSolution
		HideSolutionNode = FALSE
	EndGlobalSection
	GlobalSection(ExtensibilityGlobals) = postSolution
		SolutionGuid = {BFFFA950-6686-42A9-9813-413D404C511F}
	EndGlobalSection
EndGlobal
